<?xml version="1.0" encoding="utf-8"?>
<Project ToolsVersion="4.0" xmlns="http://schemas.microsoft.com/developer/msbuild/2003">
  <ItemGroup>
    <ClCompile Include="App.ixx">
      <Filter>Source Files</Filter>
    </ClCompile>
    <ClCompile Include="CardboardCore.cpp">
      <Filter>Source Files</Filter>
    </ClCompile>
    <ClCompile Include="Logger.ixx">
      <Filter>Source Files</Filter>
    </ClCompile>
    <ClCompile Include="Object.ixx">
      <Filter>Source Files</Filter>
    </ClCompile>
    <ClCompile Include="Scene.ixx">
      <Filter>Source Files</Filter>
    </ClCompile>
    <ClCompile Include="Window.ixx">
      <Filter>Source Files</Filter>
    </ClCompile>
    <ClCompile Include="OpenGL.ixx">
      <Filter>Source Files\Render</Filter>
    </ClCompile>
    <ClCompile Include="RenderContext.ixx">
      <Filter>Source Files\Render</Filter>
    </ClCompile>
  </ItemGroup>
  <ItemGroup>
    <Filter Include="Resources">
      <UniqueIdentifier>{6155f2cc-1d7e-4bd8-9b77-a7b1b026902c}</UniqueIdentifier>
    </Filter>
    <Filter Include="Source Files">
      <UniqueIdentifier>{a4fbc3ef-bfa1-4658-8364-5835250f1867}</UniqueIdentifier>
    </Filter>
    <Filter Include="Source Files\Render">
      <UniqueIdentifier>{6f6d084b-163d-4e6d-998e-eecaa359133d}</UniqueIdentifier>
    </Filter>
  </ItemGroup>
  <ItemGroup>
    <None Include="SimpleVertexShader.glsl">
      <Filter>Resources</Filter>
    </None>
  </ItemGroup>
  <ItemGroup>
    <ClInclude Include="Api.h">
      <Filter>Source Files</Filter>
    </ClInclude>
  </ItemGroup>
</Project>